
Microsoft Visual Studio Solution File, Format Version 12.00
# Visual Studio Version 17
VisualStudioVersion = 17.10.35013.160
MinimumVisualStudioVersion = 10.0.40219.1
Project("{888888A0-9F3D-457C-B088-3A5042F75D52}") = "GUI_APIAI", "GUI_APIAI.pyproj", "{71DB745A-DDE0-423F-BD22-C5602567FC18}"
EndProject
Global
	GlobalSection(SolutionConfigurationPlatforms) = preSolution
		Debug|Any CPU = Debug|Any CPU
		Release|Any CPU = Release|Any CPU
	EndGlobalSection
	GlobalSection(ProjectConfigurationPlatforms) = postSolution
		{71DB745A-DDE0-423F-BD22-C5602567FC18}.Debug|Any CPU.ActiveCfg = Debug|Any CPU
		{71DB745A-DDE0-423F-BD22-C5602567FC18}.Release|Any CPU.ActiveCfg = Release|Any CPU
	EndGlobalSection
	GlobalSection(SolutionProperties) = preSolution
		HideSolutionNode = FALSE
	EndGlobalSection
	GlobalSection(ExtensibilityGlobals) = postSolution
		SolutionGuid = {797AFA95-23FA-4E45-8458-EACC1CD271AB}
	EndGlobalSection
EndGlobal
